
Microsoft Visual Studio Solution File, Format Version 12.00
# Visual Studio Version 17
VisualStudioVersion = 17.0.31903.59
MinimumVisualStudioVersion = 10.0.40219.1
Project("{9A19103F-16F7-4668-BE54-9A1E7A4F7556}") = "FalconWallet.API", "src\FalconWallet.API\FalconWallet.API.csproj", "{3960F46E-DC49-4C19-A3F3-BD6D3C90ADE7}"
EndProject
Project("{2150E333-8FDC-42A3-9474-1A3956D46DE8}") = "src", "src", "{8DDA00AB-E9FB-4448-9B1C-67C3578B29B1}"
EndProject
Project("{9A19103F-16F7-4668-BE54-9A1E7A4F7556}") = "FalconWallet.UnitTests", "tests\FalconWallet.UnitTests\FalconWallet.UnitTests.csproj", "{C3734A39-7A65-457E-9D65-D6162892332A}"
EndProject
Project("{2150E333-8FDC-42A3-9474-1A3956D46DE8}") = "tests", "tests", "{7698BF78-BB4F-48C7-B616-C5669796EF76}"
EndProject
Global
	GlobalSection(SolutionConfigurationPlatforms) = preSolution
		Debug|Any CPU = Debug|Any CPU
		Release|Any CPU = Release|Any CPU
	EndGlobalSection
	GlobalSection(ProjectConfigurationPlatforms) = postSolution
		{3960F46E-DC49-4C19-A3F3-BD6D3C90ADE7}.Debug|Any CPU.ActiveCfg = Debug|Any CPU
		{3960F46E-DC49-4C19-A3F3-BD6D3C90ADE7}.Debug|Any CPU.Build.0 = Debug|Any CPU
		{3960F46E-DC49-4C19-A3F3-BD6D3C90ADE7}.Release|Any CPU.ActiveCfg = Release|Any CPU
		{3960F46E-DC49-4C19-A3F3-BD6D3C90ADE7}.Release|Any CPU.Build.0 = Release|Any CPU
		{C3734A39-7A65-457E-9D65-D6162892332A}.Debug|Any CPU.ActiveCfg = Debug|Any CPU
		{C3734A39-7A65-457E-9D65-D6162892332A}.Debug|Any CPU.Build.0 = Debug|Any CPU
		{C3734A39-7A65-457E-9D65-D6162892332A}.Release|Any CPU.ActiveCfg = Release|Any CPU
		{C3734A39-7A65-457E-9D65-D6162892332A}.Release|Any CPU.Build.0 = Release|Any CPU
	EndGlobalSection
	GlobalSection(SolutionProperties) = preSolution
		HideSolutionNode = FALSE
	EndGlobalSection
	GlobalSection(NestedProjects) = preSolution
		{3960F46E-DC49-4C19-A3F3-BD6D3C90ADE7} = {8DDA00AB-E9FB-4448-9B1C-67C3578B29B1}
		{C3734A39-7A65-457E-9D65-D6162892332A} = {7698BF78-BB4F-48C7-B616-C5669796EF76}
	EndGlobalSection
	GlobalSection(ExtensibilityGlobals) = postSolution
		SolutionGuid = {89D4B917-F9C0-4F9D-AAB2-9DA634AA1B01}
	EndGlobalSection
EndGlobal
